{
  "name": "metalog-example",
  "version": "1.0.1",
  "lockfileVersion": 1,
  "requires": true,
  "dependencies": {
    "@metarhia/common": {
      "version": "2.1.0",
      "resolved": "https://registry.npmjs.org/@metarhia/common/-/common-2.1.0.tgz",
      "integrity": "sha512-HmIb98pFBlnKN44z1HVugBmsHrLJWA2tBsP3iLh/ehg0PVkNUHOQhDV2tI2NvbCJeTlmPrZ8rdw0BcfPW1q47Q=="
    },
    "concolor": {
      "version": "0.1.12",
      "resolved": "https://registry.npmjs.org/concolor/-/concolor-0.1.12.tgz",
      "integrity": "sha512-8yhwqV92Dngtrf7N2mc0HNCQ7IEZ6M6aXOc0HpHPUhavPcQKvTLnLlaZjEBNilFqHvC3O4AIkcEKdeQ75u0JUw=="
    },
    "metalog": {
      "version": "1.1.2",
      "resolved": "https://registry.npmjs.org/metalog/-/metalog-1.1.2.tgz",
      "integrity": "sha512-rJa3ed464diKfmtlbx4rcawrAMuXAUjTtD1d1StmaOfkeFuSuJMr4Xmmbw7bir824EIzjcr+EOjufya83r64lQ==",
      "requires": {
        "@metarhia/common": "^2.1.0",
        "concolor": "^0.1.13",
        "metastreams": "^0.1.2"
      },
      "dependencies": {
        "concolor": {
          "version": "0.1.16",
          "resolved": "https://registry.npmjs.org/concolor/-/concolor-0.1.16.tgz",
          "integrity": "sha512-xOwYU1DBiZ0EPQ+ahsN6YS9YtImQ0FHau9/eNNBeDukh0J2x9DIDnaRbYpYvMGzThiqEAW1GGRuJsSoV+S8V5w=="
        }
      }
    },
    "metastreams": {
      "version": "0.1.2",
      "resolved": "https://registry.npmjs.org/metastreams/-/metastreams-0.1.2.tgz",
      "integrity": "sha512-6wnujNYQyCuAQHimJWBDP59feTwlY2D1P8kf2AONC8k6oQxve3EXCTiL4E87oSWoyoIHMWcPXtOT4BZdVyAbDQ=="
    }
  }
}
