{
  "name": "metalog-example",
  "version": "1.0.0",
  "lockfileVersion": 1,
  "requires": true,
  "dependencies": {
    "@metarhia/common": {
      "version": "1.5.0",
      "resolved": "https://registry.npmjs.org/@metarhia/common/-/common-1.5.0.tgz",
      "integrity": "sha512-hIiMPmIfDgyTl7Brn7qdAL2EqnsEoXqFUkfeMX5dQUGVjs+HO1NUR3J/KtUWeRuTNiiVQNeNtjB5j7dlZSsAqw=="
    },
    "concolor": {
      "version": "0.1.12",
      "resolved": "https://registry.npmjs.org/concolor/-/concolor-0.1.12.tgz",
      "integrity": "sha512-8yhwqV92Dngtrf7N2mc0HNCQ7IEZ6M6aXOc0HpHPUhavPcQKvTLnLlaZjEBNilFqHvC3O4AIkcEKdeQ75u0JUw=="
    },
    "metalog": {
      "version": "1.1.0",
      "resolved": "https://registry.npmjs.org/metalog/-/metalog-1.1.0.tgz",
      "integrity": "sha512-ZVEPR+W2bEWq22Z903RrkT66xSMQduwzH92i47OW7C+INpbYhTcl6Et8mPB1khiyUGxcIA1w1TpcUp9qpn64Fg==",
      "requires": {
        "@metarhia/common": "^1.2.1",
        "concolor": "^0.1.10",
        "metastreams": "^0.1.0"
      }
    },
    "metastreams": {
      "version": "0.1.1",
      "resolved": "https://registry.npmjs.org/metastreams/-/metastreams-0.1.1.tgz",
      "integrity": "sha512-WQOc3Z14kfNIRwcXhcAOkXBNBDy7K6VPu2fsnCfE1ES/BaSuwS0ggWrhjOgKW98mLl91rqGjwtq7S5V3br1Dtw=="
    }
  }
}
